{
    "_meta": {
        "hash": {
            "sha256": "050c49f2d28603fa5ff5de1db4bd94b3fcf12ab22e6ac4c7b0a43b7d281b6e66"
        },
        "pipfile-spec": 6,
        "requires": {
            "python_version": "3.6"
        },
        "sources": [
            {
                "name": "pypi",
                "url": "https://pypi.org/simple",
                "verify_ssl": true
            }
        ]
    },
    "default": {
        "click": {
            "hashes": [
                "sha256:29f99fc6125fbc931b758dc053b3114e55c77a6e4c6c3a2674a2dc986016381d",
                "sha256:f15516df478d5a56180fbf80e68f206010e6d160fc39fa508b65e035fd75130b"
            ],
            "version": "==6.7"
        },
        "cython": {
            "hashes": [
                "sha256:01487236575df8f17b46982071438dce4f7eaf8acc8fb99fca3510d343cd7a28",
                "sha256:0671d17c7a27634d6819246e535241b951141ed0e3f6f2a6d618fd32344dae3e",
                "sha256:0e6190d6971c46729f712dd7307a9c0a8c027bfa5b4d8f2edef106b01759926c",
                "sha256:202587c754901d0678bd6ff89c707f099987928239049a528470c06c6c922cf8",
                "sha256:345197ba9278cf6a914cb7421dc665a0531a219b0072abf6b0cebfdf68e75725",
                "sha256:3a296b8d6b02f0e01ab04bedea658f43eef5ad2f8e586a820226ead1a677d9b1",
                "sha256:484572a2b22823a967be106137a93f7d634db116b3f7accb37dbd760eda2fa9f",
                "sha256:4c67c9c803e50ceff32cc5e4769c50fc8ae8df9c4e5cc592ce8310b5a1076d23",
                "sha256:539038087c321911745fc2e77049209b1231300d481cb4d682b2f95c724814b3",
                "sha256:58113e0683c3688594c112103d7e9f2d0092fd2d8297a220240bea22e184dfdd",
                "sha256:65cb25ca4284804293a2404d1be3b5a98818be21a72791649bacbcfa4e431d41",
                "sha256:699e765da2580e34b08473fc0acef3a2d7bcb7f13eb29401cd25236bcf000080",
                "sha256:6b54c3470810cea49a8be90814d05c5325ceb9c5bf429fd86c36fc1b32dfc157",
                "sha256:71ac1629e4eae2ed329be8caf45efea10bfe1af3d8767e12e64b83e4ea5a3250",
                "sha256:722c179d3df8677f3daf45b1a2764678ed4f0aaddbaa7211a8a08ebfd907c0db",
                "sha256:76ac2b08d3d956d77b574bb43cbf1d37bd58b9d50c04ba281303e695854ebc46",
                "sha256:7eff1157be9e26bf7494288c89979ca69d593a009e2c7420a739e2cf1e0635f5",
                "sha256:99546c8696d27d0efa639c77b2f8af6e61dc3a5073caae4f27ffd991ca926f42",
                "sha256:a0c263b31d335f29c11f4a9e98fbcd908d0731d4ea99bfd27c1c47caaeb4ca2e",
                "sha256:a29c66292605bff962adc26530c030607aa699206b12dfb84f131b0454e15df4",
                "sha256:a4d3724c5a1ddd86d7d830d8e02c40151839b833791dd4b6fe9e144380fa7d37",
                "sha256:aed9f33b19d542eea56c38ef3862ca56147f7903648156cd57eabb0fe47c35d6",
                "sha256:b57e733dd8871d2cc7358c2e0fe33027453afffbcd0ea6a537f54877cad5131c",
                "sha256:d5bf4db62236e82955c40bafbaa18d54b20b5ceefa06fb57c7facc443929f4bd",
                "sha256:d9272dd71ab78e87fa34a0a59bbd6acc9a9c0005c834a6fc8457ff9619dc6795",
                "sha256:e9d5671bcbb90a41b0832fcb3872fcbaca3d68ff11ea09724dd6cbdf31d947fb",
                "sha256:ee54646afb2b73b293c94cf079682d18d404ebd6c01122dc3980f111aec2d8ae",
                "sha256:f16a87197939977824609005b73f9ebb291b9653a14e5f27afc1c5d6f981ba39"
            ],
            "index": "pypi",
            "version": "==0.28.4"
        },
        "flask": {
            "hashes": [
                "sha256:2271c0070dbcb5275fad4a82e29f23ab92682dc45f9dfbc22c02ba9b9322ce48",
                "sha256:a080b744b7e345ccfcbc77954861cb05b3c63786e93f2b3875e0913d44b43f05"
            ],
            "index": "pypi",
            "version": "==1.0.2"
        },
        "itsdangerous": {
            "hashes": [
                "sha256:cbb3fcf8d3e33df861709ecaf89d9e6629cff0a217bc2848f1b41cd30d360519"
            ],
            "version": "==0.24"
        },
        "jinja2": {
            "hashes": [
                "sha256:74c935a1b8bb9a3947c50a54766a969d4846290e1e788ea44c1392163723c3bd",
                "sha256:f84be1bb0040caca4cea721fcbbbbd61f9be9464ca236387158b0feea01914a4"
            ],
            "version": "==2.10"
        },
        "markupsafe": {
            "hashes": [
                "sha256:a6be69091dac236ea9c6bc7d012beab42010fa914c459791d627dad4910eb665"
            ],
            "version": "==1.0"
        },
        "mido": {
            "hashes": [
                "sha256:35142874d4521dc5fcebcdc3a645df87cb0ecad129dd031cbca391e2d052313f",
                "sha256:64b9d1595da8f319bff2eb866f9181257d3670a7803f7e38415f22c03a577560"
            ],
            "index": "pypi",
            "version": "==1.2.8"
        },
        "msgpack": {
            "hashes": [
                "sha256:0b3b1773d2693c70598585a34ca2715873ba899565f0a7c9a1545baef7e7fbdc",
                "sha256:0bae5d1538c5c6a75642f75a1781f3ac2275d744a92af1a453c150da3446138b",
                "sha256:0ee8c8c85aa651be3aa0cd005b5931769eaa658c948ce79428766f1bd46ae2c3",
                "sha256:1369f9edba9500c7a6489b70fdfac773e925342f4531f1e3d4c20ac3173b1ae0",
                "sha256:22d9c929d1d539f37da3d1b0e16270fa9d46107beab8c0d4d2bddffffe895cee",
                "sha256:2ff43e3247a1e11d544017bb26f580a68306cec7a6257d8818893c1fda665f42",
                "sha256:31a98047355d34d047fcdb55b09cb19f633cf214c705a765bd745456c142130c",
                "sha256:8767eb0032732c3a0da92cbec5ac186ef89a3258c6edca09161472ca0206c45f",
                "sha256:8acc8910218555044e23826980b950e96685dc48124a290c86f6f41a296ea172",
                "sha256:ab189a6365be1860a5ecf8159c248f12d33f79ea799ae9695fa6a29896dcf1d4",
                "sha256:cfd6535feb0f1cf1c7cdb25773e965cc9f92928244a8c3ef6f8f8a8e1f7ae5c4",
                "sha256:e274cd4480d8c76ec467a85a9c6635bbf2258f0649040560382ab58cabb44bcf",
                "sha256:f86642d60dca13e93260187d56c2bef2487aa4d574a669e8ceefcf9f4c26fd00",
                "sha256:f8a57cbda46a94ed0db55b73e6ab0c15e78b4ede8690fa491a0e55128d552bb0",
                "sha256:fcea97a352416afcbccd7af9625159d80704a25c519c251c734527329bb20d0e"
            ],
            "index": "pypi",
            "version": "==0.5.6"
        },
        "paho-mqtt": {
            "hashes": [
                "sha256:31911f6031de306c27ed79dc77b690d7c55b0dcb0f0434ca34ec6361d0371122"
            ],
            "index": "pypi",
            "version": "==1.3.1"
        },
        "python-rtmidi": {
            "hashes": [
                "sha256:1187b2a3703d4ede2b02c0fccd395648a3a468d3cd57d7932f445ef1bfa9fc5d",
                "sha256:5e1bb542ceebfd44290ecafa6367ade1a712cc9a73b61e843b2fa802105a2759",
                "sha256:659fb40e69cbc57cc7d970cd7bcd85e97ee2eb18992e147ed7bb690a83a7bd3f",
                "sha256:7c82bed1b0cb5e11495bc3a779500c3d5cde6d84f68416f276622b0952174d25",
                "sha256:80c6d31508ec8435b4dc1d4a979aa6046edb83413a837b790f33f65f176ad018",
                "sha256:8685ffc012e007f10ddb9ed04a3cf1648d26a8ef95bd261bfeca0b90d11c971f",
                "sha256:887fd11551f77b27d566235916723b065c30d1e3959c9d665131a7919c012df2",
                "sha256:9d0fddaf38c4408e6f8466d6579ce3cf7b1da9a878f26454bc62fdf66228ea65",
                "sha256:c0f54d1e6dd1c04958130611d0fe6a821194175847d9f696824d011dffce2092",
                "sha256:d82eb82e0b270f75375e3d5f9f45cb75950485700e6a3862192d0c121c802b0e",
                "sha256:dfba865b1e7c7793c7d222b1922ac5f901f5545af71bf70e06d88a77482aa20c"
            ],
            "index": "pypi",
            "version": "==1.1.0"
        },
        "werkzeug": {
            "hashes": [
                "sha256:c3fd7a7d41976d9f44db327260e263132466836cef6f91512889ed60ad26557c",
                "sha256:d5da73735293558eb1651ee2fddc4d0dedcfa06538b8813a2e20011583c9e49b"
            ],
            "version": "==0.14.1"
        }
    },
    "develop": {}
}
